// !$*UTF8*$!
{
	archiveVersion = 1;
	classes = {
	};
	objectVersion = 50;
	objects = {

/* Begin PBXBuildFile section */
		11ABC34525DABE0500729F83 /* CreateView.swift in Sources */ = {isa = PBXBuildFile; fileRef = 11ABC34425DABE0500729F83 /* CreateView.swift */; };
		11ABC34A25DABE9200729F83 /* DropDownView.swift in Sources */ = {isa = PBXBuildFile; fileRef = 11ABC34925DABE9200729F83 /* DropDownView.swift */; };
		11ABC34D25DAC3F700729F83 /* RemindView.swift in Sources */ = {isa = PBXBuildFile; fileRef = 11ABC34C25DAC3F700729F83 /* RemindView.swift */; };
		11ABC35125DAC63300729F83 /* CreateChallengeViewModel.swift in Sources */ = {isa = PBXBuildFile; fileRef = 11ABC35025DAC63300729F83 /* CreateChallengeViewModel.swift */; };
		11ABC35425DAC6DC00729F83 /* DropDownItemProtocol.swift in Sources */ = {isa = PBXBuildFile; fileRef = 11ABC35325DAC6DC00729F83 /* DropDownItemProtocol.swift */; };
		11EC419425DA902F00C8036A /* fitness_incrementApp.swift in Sources */ = {isa = PBXBuildFile; fileRef = 11EC419325DA902F00C8036A /* fitness_incrementApp.swift */; };
		11EC419625DA902F00C8036A /* LandingView.swift in Sources */ = {isa = PBXBuildFile; fileRef = 11EC419525DA902F00C8036A /* LandingView.swift */; };
		11EC419825DA903200C8036A /* Assets.xcassets in Resources */ = {isa = PBXBuildFile; fileRef = 11EC419725DA903200C8036A /* Assets.xcassets */; };
		11EC419B25DA903200C8036A /* Preview Assets.xcassets in Resources */ = {isa = PBXBuildFile; fileRef = 11EC419A25DA903200C8036A /* Preview Assets.xcassets */; };
		11EC41A525DA979C00C8036A /* PrimaryButtonStyle.swift in Sources */ = {isa = PBXBuildFile; fileRef = 11EC41A425DA979C00C8036A /* PrimaryButtonStyle.swift */; };
		11EC41A825DA993C00C8036A /* Color+Extension.swift in Sources */ = {isa = PBXBuildFile; fileRef = 11EC41A725DA993C00C8036A /* Color+Extension.swift */; };
/* End PBXBuildFile section */

/* Begin PBXFileReference section */
		11ABC34425DABE0500729F83 /* CreateView.swift */ = {isa = PBXFileReference; lastKnownFileType = sourcecode.swift; path = CreateView.swift; sourceTree = "<group>"; };
		11ABC34925DABE9200729F83 /* DropDownView.swift */ = {isa = PBXFileReference; lastKnownFileType = sourcecode.swift; path = DropDownView.swift; sourceTree = "<group>"; };
		11ABC34C25DAC3F700729F83 /* RemindView.swift */ = {isa = PBXFileReference; lastKnownFileType = sourcecode.swift; path = RemindView.swift; sourceTree = "<group>"; };
		11ABC35025DAC63300729F83 /* CreateChallengeViewModel.swift */ = {isa = PBXFileReference; lastKnownFileType = sourcecode.swift; path = CreateChallengeViewModel.swift; sourceTree = "<group>"; };
		11ABC35325DAC6DC00729F83 /* DropDownItemProtocol.swift */ = {isa = PBXFileReference; lastKnownFileType = sourcecode.swift; path = DropDownItemProtocol.swift; sourceTree = "<group>"; };
		11EC419025DA902F00C8036A /* fitness-increment.app */ = {isa = PBXFileReference; explicitFileType = wrapper.application; includeInIndex = 0; path = "fitness-increment.app"; sourceTree = BUILT_PRODUCTS_DIR; };
		11EC419325DA902F00C8036A /* fitness_incrementApp.swift */ = {isa = PBXFileReference; lastKnownFileType = sourcecode.swift; path = fitness_incrementApp.swift; sourceTree = "<group>"; };
		11EC419525DA902F00C8036A /* LandingView.swift */ = {isa = PBXFileReference; lastKnownFileType = sourcecode.swift; path = LandingView.swift; sourceTree = "<group>"; };
		11EC419725DA903200C8036A /* Assets.xcassets */ = {isa = PBXFileReference; lastKnownFileType = folder.assetcatalog; path = Assets.xcassets; sourceTree = "<group>"; };
		11EC419A25DA903200C8036A /* Preview Assets.xcassets */ = {isa = PBXFileReference; lastKnownFileType = folder.assetcatalog; path = "Preview Assets.xcassets"; sourceTree = "<group>"; };
		11EC419C25DA903200C8036A /* Info.plist */ = {isa = PBXFileReference; lastKnownFileType = text.plist.xml; path = Info.plist; sourceTree = "<group>"; };
		11EC41A425DA979C00C8036A /* PrimaryButtonStyle.swift */ = {isa = PBXFileReference; lastKnownFileType = sourcecode.swift; path = PrimaryButtonStyle.swift; sourceTree = "<group>"; };
		11EC41A725DA993C00C8036A /* Color+Extension.swift */ = {isa = PBXFileReference; lastKnownFileType = sourcecode.swift; path = "Color+Extension.swift"; sourceTree = "<group>"; };
/* End PBXFileReference section */

/* Begin PBXFrameworksBuildPhase section */
		11EC418D25DA902F00C8036A /* Frameworks */ = {
			isa = PBXFrameworksBuildPhase;
			buildActionMask = 2147483647;
			files = (
			);
			runOnlyForDeploymentPostprocessing = 0;
		};
/* End PBXFrameworksBuildPhase section */

/* Begin PBXGroup section */
		11ABC34725DABE0A00729F83 /* Views */ = {
			isa = PBXGroup;
			children = (
				11EC419525DA902F00C8036A /* LandingView.swift */,
				11ABC34C25DAC3F700729F83 /* RemindView.swift */,
				11ABC34425DABE0500729F83 /* CreateView.swift */,
				11ABC34925DABE9200729F83 /* DropDownView.swift */,
			);
			path = Views;
			sourceTree = "<group>";
		};
		11ABC34F25DAC60C00729F83 /* ViewModels */ = {
			isa = PBXGroup;
			children = (
				11ABC35025DAC63300729F83 /* CreateChallengeViewModel.swift */,
				11ABC35325DAC6DC00729F83 /* DropDownItemProtocol.swift */,
			);
			path = ViewModels;
			sourceTree = "<group>";
		};
		11EC418725DA902F00C8036A = {
			isa = PBXGroup;
			children = (
				11EC419225DA902F00C8036A /* fitness-increment */,
				11EC419125DA902F00C8036A /* Products */,
			);
			sourceTree = "<group>";
		};
		11EC419125DA902F00C8036A /* Products */ = {
			isa = PBXGroup;
			children = (
				11EC419025DA902F00C8036A /* fitness-increment.app */,
			);
			name = Products;
			sourceTree = "<group>";
		};
		11EC419225DA902F00C8036A /* fitness-increment */ = {
			isa = PBXGroup;
			children = (
				11ABC34F25DAC60C00729F83 /* ViewModels */,
				11ABC34725DABE0A00729F83 /* Views */,
				11EC419C25DA903200C8036A /* Info.plist */,
				11EC419325DA902F00C8036A /* fitness_incrementApp.swift */,
				11EC41A425DA979C00C8036A /* PrimaryButtonStyle.swift */,
				11EC41A725DA993C00C8036A /* Color+Extension.swift */,
				11EC419725DA903200C8036A /* Assets.xcassets */,
				11EC419925DA903200C8036A /* Preview Content */,
			);
			path = "fitness-increment";
			sourceTree = "<group>";
		};
		11EC419925DA903200C8036A /* Preview Content */ = {
			isa = PBXGroup;
			children = (
				11EC419A25DA903200C8036A /* Preview Assets.xcassets */,
			);
			path = "Preview Content";
			sourceTree = "<group>";
		};
/* End PBXGroup section */

/* Begin PBXNativeTarget section */
		11EC418F25DA902F00C8036A /* fitness-increment */ = {
			isa = PBXNativeTarget;
			buildConfigurationList = 11EC419F25DA903200C8036A /* Build configuration list for PBXNativeTarget "fitness-increment" */;
			buildPhases = (
				11EC418C25DA902F00C8036A /* Sources */,
				11EC418D25DA902F00C8036A /* Frameworks */,
				11EC418E25DA902F00C8036A /* Resources */,
			);
			buildRules = (
			);
			dependencies = (
			);
			name = "fitness-increment";
			productName = "fitness-increment";
			productReference = 11EC419025DA902F00C8036A /* fitness-increment.app */;
			productType = "com.apple.product-type.application";
		};
/* End PBXNativeTarget section */

/* Begin PBXProject section */
		11EC418825DA902F00C8036A /* Project object */ = {
			isa = PBXProject;
			attributes = {
				LastSwiftUpdateCheck = 1240;
				LastUpgradeCheck = 1240;
				TargetAttributes = {
					11EC418F25DA902F00C8036A = {
						CreatedOnToolsVersion = 12.4;
					};
				};
			};
			buildConfigurationList = 11EC418B25DA902F00C8036A /* Build configuration list for PBXProject "fitness-increment" */;
			compatibilityVersion = "Xcode 9.3";
			developmentRegion = en;
			hasScannedForEncodings = 0;
			knownRegions = (
				en,
				Base,
			);
			mainGroup = 11EC418725DA902F00C8036A;
			productRefGroup = 11EC419125DA902F00C8036A /* Products */;
			projectDirPath = "";
			projectRoot = "";
			targets = (
				11EC418F25DA902F00C8036A /* fitness-increment */,
			);
		};
/* End PBXProject section */

/* Begin PBXResourcesBuildPhase section */
		11EC418E25DA902F00C8036A /* Resources */ = {
			isa = PBXResourcesBuildPhase;
			buildActionMask = 2147483647;
			files = (
				11EC419B25DA903200C8036A /* Preview Assets.xcassets in Resources */,
				11EC419825DA903200C8036A /* Assets.xcassets in Resources */,
			);
			runOnlyForDeploymentPostprocessing = 0;
		};
/* End PBXResourcesBuildPhase section */

/* Begin PBXSourcesBuildPhase section */
		11EC418C25DA902F00C8036A /* Sources */ = {
			isa = PBXSourcesBuildPhase;
			buildActionMask = 2147483647;
			files = (
				11EC41A525DA979C00C8036A /* PrimaryButtonStyle.swift in Sources */,
				11EC419625DA902F00C8036A /* LandingView.swift in Sources */,
				11EC419425DA902F00C8036A /* fitness_incrementApp.swift in Sources */,
				11EC41A825DA993C00C8036A /* Color+Extension.swift in Sources */,
				11ABC35125DAC63300729F83 /* CreateChallengeViewModel.swift in Sources */,
				11ABC34D25DAC3F700729F83 /* RemindView.swift in Sources */,
				11ABC34525DABE0500729F83 /* CreateView.swift in Sources */,
				11ABC35425DAC6DC00729F83 /* DropDownItemProtocol.swift in Sources */,
				11ABC34A25DABE9200729F83 /* DropDownView.swift in Sources */,
			);
			runOnlyForDeploymentPostprocessing = 0;
		};
/* End PBXSourcesBuildPhase section */

/* Begin XCBuildConfiguration section */
		11EC419D25DA903200C8036A /* Debug */ = {
			isa = XCBuildConfiguration;
			buildSettings = {
				ALWAYS_SEARCH_USER_PATHS = NO;
				CLANG_ANALYZER_NONNULL = YES;
				CLANG_ANALYZER_NUMBER_OBJECT_CONVERSION = YES_AGGRESSIVE;
				CLANG_CXX_LANGUAGE_STANDARD = "gnu++14";
				CLANG_CXX_LIBRARY = "libc++";
				CLANG_ENABLE_MODULES = YES;
				CLANG_ENABLE_OBJC_ARC = YES;
				CLANG_ENABLE_OBJC_WEAK = YES;
				CLANG_WARN_BLOCK_CAPTURE_AUTORELEASING = YES;
				CLANG_WARN_BOOL_CONVERSION = YES;
				CLANG_WARN_COMMA = YES;
				CLANG_WARN_CONSTANT_CONVERSION = YES;
				CLANG_WARN_DEPRECATED_OBJC_IMPLEMENTATIONS = YES;
				CLANG_WARN_DIRECT_OBJC_ISA_USAGE = YES_ERROR;
				CLANG_WARN_DOCUMENTATION_COMMENTS = YES;
				CLANG_WARN_EMPTY_BODY = YES;
				CLANG_WARN_ENUM_CONVERSION = YES;
				CLANG_WARN_INFINITE_RECURSION = YES;
				CLANG_WARN_INT_CONVERSION = YES;
				CLANG_WARN_NON_LITERAL_NULL_CONVERSION = YES;
				CLANG_WARN_OBJC_IMPLICIT_RETAIN_SELF = YES;
				CLANG_WARN_OBJC_LITERAL_CONVERSION = YES;
				CLANG_WARN_OBJC_ROOT_CLASS = YES_ERROR;
				CLANG_WARN_QUOTED_INCLUDE_IN_FRAMEWORK_HEADER = YES;
				CLANG_WARN_RANGE_LOOP_ANALYSIS = YES;
				CLANG_WARN_STRICT_PROTOTYPES = YES;
				CLANG_WARN_SUSPICIOUS_MOVE = YES;
				CLANG_WARN_UNGUARDED_AVAILABILITY = YES_AGGRESSIVE;
				CLANG_WARN_UNREACHABLE_CODE = YES;
				CLANG_WARN__DUPLICATE_METHOD_MATCH = YES;
				COPY_PHASE_STRIP = NO;
				DEBUG_INFORMATION_FORMAT = dwarf;
				ENABLE_STRICT_OBJC_MSGSEND = YES;
				ENABLE_TESTABILITY = YES;
				GCC_C_LANGUAGE_STANDARD = gnu11;
				GCC_DYNAMIC_NO_PIC = NO;
				GCC_NO_COMMON_BLOCKS = YES;
				GCC_OPTIMIZATION_LEVEL = 0;
				GCC_PREPROCESSOR_DEFINITIONS = (
					"DEBUG=1",
					"$(inherited)",
				);
				GCC_WARN_64_TO_32_BIT_CONVERSION = YES;
				GCC_WARN_ABOUT_RETURN_TYPE = YES_ERROR;
				GCC_WARN_UNDECLARED_SELECTOR = YES;
				GCC_WARN_UNINITIALIZED_AUTOS = YES_AGGRESSIVE;
				GCC_WARN_UNUSED_FUNCTION = YES;
				GCC_WARN_UNUSED_VARIABLE = YES;
				IPHONEOS_DEPLOYMENT_TARGET = 14.4;
				MTL_ENABLE_DEBUG_INFO = INCLUDE_SOURCE;
				MTL_FAST_MATH = YES;
				ONLY_ACTIVE_ARCH = YES;
				SDKROOT = iphoneos;
				SWIFT_ACTIVE_COMPILATION_CONDITIONS = DEBUG;
				SWIFT_OPTIMIZATION_LEVEL = "-Onone";
			};
			name = Debug;
		};
		11EC419E25DA903200C8036A /* Release */ = {
			isa = XCBuildConfiguration;
			buildSettings = {
				ALWAYS_SEARCH_USER_PATHS = NO;
				CLANG_ANALYZER_NONNULL = YES;
				CLANG_ANALYZER_NUMBER_OBJECT_CONVERSION = YES_AGGRESSIVE;
				CLANG_CXX_LANGUAGE_STANDARD = "gnu++14";
				CLANG_CXX_LIBRARY = "libc++";
				CLANG_ENABLE_MODULES = YES;
				CLANG_ENABLE_OBJC_ARC = YES;
				CLANG_ENABLE_OBJC_WEAK = YES;
				CLANG_WARN_BLOCK_CAPTURE_AUTORELEASING = YES;
				CLANG_WARN_BOOL_CONVERSION = YES;
				CLANG_WARN_COMMA = YES;
				CLANG_WARN_CONSTANT_CONVERSION = YES;
				CLANG_WARN_DEPRECATED_OBJC_IMPLEMENTATIONS = YES;
				CLANG_WARN_DIRECT_OBJC_ISA_USAGE = YES_ERROR;
				CLANG_WARN_DOCUMENTATION_COMMENTS = YES;
				CLANG_WARN_EMPTY_BODY = YES;
				CLANG_WARN_ENUM_CONVERSION = YES;
				CLANG_WARN_INFINITE_RECURSION = YES;
				CLANG_WARN_INT_CONVERSION = YES;
				CLANG_WARN_NON_LITERAL_NULL_CONVERSION = YES;
				CLANG_WARN_OBJC_IMPLICIT_RETAIN_SELF = YES;
				CLANG_WARN_OBJC_LITERAL_CONVERSION = YES;
				CLANG_WARN_OBJC_ROOT_CLASS = YES_ERROR;
				CLANG_WARN_QUOTED_INCLUDE_IN_FRAMEWORK_HEADER = YES;
				CLANG_WARN_RANGE_LOOP_ANALYSIS = YES;
				CLANG_WARN_STRICT_PROTOTYPES = YES;
				CLANG_WARN_SUSPICIOUS_MOVE = YES;
				CLANG_WARN_UNGUARDED_AVAILABILITY = YES_AGGRESSIVE;
				CLANG_WARN_UNREACHABLE_CODE = YES;
				CLANG_WARN__DUPLICATE_METHOD_MATCH = YES;
				COPY_PHASE_STRIP = NO;
				DEBUG_INFORMATION_FORMAT = "dwarf-with-dsym";
				ENABLE_NS_ASSERTIONS = NO;
				ENABLE_STRICT_OBJC_MSGSEND = YES;
				GCC_C_LANGUAGE_STANDARD = gnu11;
				GCC_NO_COMMON_BLOCKS = YES;
				GCC_WARN_64_TO_32_BIT_CONVERSION = YES;
				GCC_WARN_ABOUT_RETURN_TYPE = YES_ERROR;
				GCC_WARN_UNDECLARED_SELECTOR = YES;
				GCC_WARN_UNINITIALIZED_AUTOS = YES_AGGRESSIVE;
				GCC_WARN_UNUSED_FUNCTION = YES;
				GCC_WARN_UNUSED_VARIABLE = YES;
				IPHONEOS_DEPLOYMENT_TARGET = 14.4;
				MTL_ENABLE_DEBUG_INFO = NO;
				MTL_FAST_MATH = YES;
				SDKROOT = iphoneos;
				SWIFT_COMPILATION_MODE = wholemodule;
				SWIFT_OPTIMIZATION_LEVEL = "-O";
				VALIDATE_PRODUCT = YES;
			};
			name = Release;
		};
		11EC41A025DA903200C8036A /* Debug */ = {
			isa = XCBuildConfiguration;
			buildSettings = {
				ASSETCATALOG_COMPILER_APPICON_NAME = AppIcon;
				ASSETCATALOG_COMPILER_GLOBAL_ACCENT_COLOR_NAME = AccentColor;
				CODE_SIGN_STYLE = Automatic;
				DEVELOPMENT_ASSET_PATHS = "\"fitness-increment/Preview Content\"";
				DEVELOPMENT_TEAM = C6DQVPTV2K;
				ENABLE_PREVIEWS = YES;
				INFOPLIST_FILE = "fitness-increment/Info.plist";
				IPHONEOS_DEPLOYMENT_TARGET = 14.0;
				LD_RUNPATH_SEARCH_PATHS = (
					"$(inherited)",
					"@executable_path/Frameworks",
				);
				PRODUCT_BUNDLE_IDENTIFIER = "uk.co.rickbrown.fitness-increment";
				PRODUCT_NAME = "$(TARGET_NAME)";
				SWIFT_VERSION = 5.0;
				TARGETED_DEVICE_FAMILY = "1,2";
			};
			name = Debug;
		};
		11EC41A125DA903200C8036A /* Release */ = {
			isa = XCBuildConfiguration;
			buildSettings = {
				ASSETCATALOG_COMPILER_APPICON_NAME = AppIcon;
				ASSETCATALOG_COMPILER_GLOBAL_ACCENT_COLOR_NAME = AccentColor;
				CODE_SIGN_STYLE = Automatic;
				DEVELOPMENT_ASSET_PATHS = "\"fitness-increment/Preview Content\"";
				DEVELOPMENT_TEAM = C6DQVPTV2K;
				ENABLE_PREVIEWS = YES;
				INFOPLIST_FILE = "fitness-increment/Info.plist";
				IPHONEOS_DEPLOYMENT_TARGET = 14.0;
				LD_RUNPATH_SEARCH_PATHS = (
					"$(inherited)",
					"@executable_path/Frameworks",
				);
				PRODUCT_BUNDLE_IDENTIFIER = "uk.co.rickbrown.fitness-increment";
				PRODUCT_NAME = "$(TARGET_NAME)";
				SWIFT_VERSION = 5.0;
				TARGETED_DEVICE_FAMILY = "1,2";
			};
			name = Release;
		};
/* End XCBuildConfiguration section */

/* Begin XCConfigurationList section */
		11EC418B25DA902F00C8036A /* Build configuration list for PBXProject "fitness-increment" */ = {
			isa = XCConfigurationList;
			buildConfigurations = (
				11EC419D25DA903200C8036A /* Debug */,
				11EC419E25DA903200C8036A /* Release */,
			);
			defaultConfigurationIsVisible = 0;
			defaultConfigurationName = Release;
		};
		11EC419F25DA903200C8036A /* Build configuration list for PBXNativeTarget "fitness-increment" */ = {
			isa = XCConfigurationList;
			buildConfigurations = (
				11EC41A025DA903200C8036A /* Debug */,
				11EC41A125DA903200C8036A /* Release */,
			);
			defaultConfigurationIsVisible = 0;
			defaultConfigurationName = Release;
		};
/* End XCConfigurationList section */
	};
	rootObject = 11EC418825DA902F00C8036A /* Project object */;
}
